
Microsoft Visual Studio Solution File, Format Version 12.00
# Visual Studio Version 16
VisualStudioVersion = 16.0.31005.135
MinimumVisualStudioVersion = 10.0.40219.1
Project("{FAE04EC0-301F-11D3-BF4B-00C04F79EFBC}") = "DataGridView", "DataGridView\DataGridView.csproj", "{094A4689-EA73-4951-9F26-AA0A13B3637D}"
EndProject
Global
	GlobalSection(SolutionConfigurationPlatforms) = preSolution
		Debug|Any CPU = Debug|Any CPU
		Release|Any CPU = Release|Any CPU
	EndGlobalSection
	GlobalSection(ProjectConfigurationPlatforms) = postSolution
		{094A4689-EA73-4951-9F26-AA0A13B3637D}.Debug|Any CPU.ActiveCfg = Debug|Any CPU
		{094A4689-EA73-4951-9F26-AA0A13B3637D}.Debug|Any CPU.Build.0 = Debug|Any CPU
		{094A4689-EA73-4951-9F26-AA0A13B3637D}.Release|Any CPU.ActiveCfg = Release|Any CPU
		{094A4689-EA73-4951-9F26-AA0A13B3637D}.Release|Any CPU.Build.0 = Release|Any CPU
	EndGlobalSection
	GlobalSection(SolutionProperties) = preSolution
		HideSolutionNode = FALSE
	EndGlobalSection
	GlobalSection(ExtensibilityGlobals) = postSolution
		SolutionGuid = {BF136522-3848-48BC-817A-7135A040EF10}
	EndGlobalSection
EndGlobal
